{
  "version": 4,
  "terraform_version": "1.15.4",
  "serial": 3,
  "lineage": "0ad21814-4436-4a65-5ee2-f746f26bad16",
  "outputs": {
    "aws_account_id": {
      "value": "339712937184",
      "type": "string"
    },
    "backup_bucket_name": {
      "value": "ops4-minecraft-backup-kn",
      "type": "string"
    },
    "ecr_repository_name": {
      "value": "ops4-k3-minecraft",
      "type": "string"
    },
    "ecr_repository_url": {
      "value": "339712937184.dkr.ecr.us-east-1.amazonaws.com/ops4-k3-minecraft",
      "type": "string"
    }
  },
  "resources": [
    {
      "mode": "data",
      "type": "aws_caller_identity",
      "name": "current",
      "provider": "provider[\"registry.terraform.io/hashicorp/aws\"]",
      "instances": [
        {
          "schema_version": 0,
          "attributes": {
            "account_id": "339712937184",
            "arn": "arn:aws:sts::339712937184:assumed-role/voclabs/user4970695=nechypak@oregonstate.edu",
            "id": "339712937184",
            "user_id": "AROAU6GDYBTQDSDXSX6FB:user4970695=nechypak@oregonstate.edu"
          },
          "sensitive_attributes": [],
          "identity_schema_version": 0
        }
      ]
    },
    {
      "mode": "managed",
      "type": "aws_ecr_repository",
      "name": "minecraft",
      "provider": "provider[\"registry.terraform.io/hashicorp/aws\"]",
      "instances": [
        {
          "schema_version": 0,
          "attributes": {
            "arn": "arn:aws:ecr:us-east-1:339712937184:repository/ops4-k3-minecraft",
            "encryption_configuration": [
              {
                "encryption_type": "AES256",
                "kms_key": ""
              }
            ],
            "force_delete": true,
            "id": "ops4-k3-minecraft",
            "image_scanning_configuration": [
              {
                "scan_on_push": true
              }
            ],
            "image_tag_mutability": "MUTABLE",
            "name": "ops4-k3-minecraft",
            "registry_id": "339712937184",
            "repository_url": "339712937184.dkr.ecr.us-east-1.amazonaws.com/ops4-k3-minecraft",
            "tags": {
              "Assignment": "Ops4",
              "Course": "CS312",
              "ManagedBy": "Terraform"
            },
            "tags_all": {
              "Assignment": "Ops4",
              "Course": "CS312",
              "ManagedBy": "Terraform"
            },
            "timeouts": null
          },
          "sensitive_attributes": [],
          "identity_schema_version": 0,
          "private": "eyJlMmJmYjczMC1lY2FhLTExZTYtOGY4OC0zNDM2M2JjN2M0YzAiOnsiZGVsZXRlIjoxMjAwMDAwMDAwMDAwfX0="
        }
      ]
    }
  ],
  "check_results": null
}
